
Microsoft Visual Studio Solution File, Format Version 12.00
Project("{2150E333-8FDC-42A3-9474-1A3956D46DE8}") = "src", "src", "{69709D26-D027-4BED-AA7B-1B00B8BC6918}"
EndProject
Project("{FAE04EC0-301F-11D3-BF4B-00C04F79EFBC}") = "Autofac.Extensions.DependencyInjection", "src\Autofac.Extensions.DependencyInjection\Autofac.Extensions.DependencyInjection.csproj", "{B97BC429-9833-4F8A-8BED-01BA93A7B074}"
EndProject
Global
	GlobalSection(SolutionConfigurationPlatforms) = preSolution
		Debug|Any CPU = Debug|Any CPU
		Release|Any CPU = Release|Any CPU
	EndGlobalSection
	GlobalSection(NestedProjects) = preSolution
		{B97BC429-9833-4F8A-8BED-01BA93A7B074} = {69709D26-D027-4BED-AA7B-1B00B8BC6918}
	EndGlobalSection
	GlobalSection(ProjectConfigurationPlatforms) = postSolution
		{B97BC429-9833-4F8A-8BED-01BA93A7B074}.Debug|Any CPU.ActiveCfg = Debug|Any CPU
		{B97BC429-9833-4F8A-8BED-01BA93A7B074}.Debug|Any CPU.Build.0 = Debug|Any CPU
		{B97BC429-9833-4F8A-8BED-01BA93A7B074}.Release|Any CPU.ActiveCfg = Release|Any CPU
		{B97BC429-9833-4F8A-8BED-01BA93A7B074}.Release|Any CPU.Build.0 = Release|Any CPU
	EndGlobalSection
EndGlobal
